
Microsoft Visual Studio Solution File, Format Version 12.00
# Visual Studio Version 17
VisualStudioVersion = 17.11.35222.181
MinimumVisualStudioVersion = 10.0.40219.1
Project("{FAE04EC0-301F-11D3-BF4B-00C04F79EFBC}") = "Ex3_TP1", "Ex3_TP1.csproj", "{87982288-2A00-46BB-8204-8018985016B2}"
EndProject
Global
	GlobalSection(SolutionConfigurationPlatforms) = preSolution
		Debug|Any CPU = Debug|Any CPU
		Release|Any CPU = Release|Any CPU
	EndGlobalSection
	GlobalSection(ProjectConfigurationPlatforms) = postSolution
		{87982288-2A00-46BB-8204-8018985016B2}.Debug|Any CPU.ActiveCfg = Debug|Any CPU
		{87982288-2A00-46BB-8204-8018985016B2}.Debug|Any CPU.Build.0 = Debug|Any CPU
		{87982288-2A00-46BB-8204-8018985016B2}.Release|Any CPU.ActiveCfg = Release|Any CPU
		{87982288-2A00-46BB-8204-8018985016B2}.Release|Any CPU.Build.0 = Release|Any CPU
	EndGlobalSection
	GlobalSection(SolutionProperties) = preSolution
		HideSolutionNode = FALSE
	EndGlobalSection
	GlobalSection(ExtensibilityGlobals) = postSolution
		SolutionGuid = {2711CA1B-5CDB-4063-970A-93279DE4F0D7}
	EndGlobalSection
EndGlobal
