
Microsoft Visual Studio Solution File, Format Version 12.00
# Visual Studio Version 17
VisualStudioVersion = 17.11.35222.181
MinimumVisualStudioVersion = 10.0.40219.1
Project("{FAE04EC0-301F-11D3-BF4B-00C04F79EFBC}") = "Ex1_TP1", "Ex1_TP1.csproj", "{814AE4DB-AC67-4634-9ABD-B30DADDAD25B}"
EndProject
Global
	GlobalSection(SolutionConfigurationPlatforms) = preSolution
		Debug|Any CPU = Debug|Any CPU
		Release|Any CPU = Release|Any CPU
	EndGlobalSection
	GlobalSection(ProjectConfigurationPlatforms) = postSolution
		{814AE4DB-AC67-4634-9ABD-B30DADDAD25B}.Debug|Any CPU.ActiveCfg = Debug|Any CPU
		{814AE4DB-AC67-4634-9ABD-B30DADDAD25B}.Debug|Any CPU.Build.0 = Debug|Any CPU
		{814AE4DB-AC67-4634-9ABD-B30DADDAD25B}.Release|Any CPU.ActiveCfg = Release|Any CPU
		{814AE4DB-AC67-4634-9ABD-B30DADDAD25B}.Release|Any CPU.Build.0 = Release|Any CPU
	EndGlobalSection
	GlobalSection(SolutionProperties) = preSolution
		HideSolutionNode = FALSE
	EndGlobalSection
	GlobalSection(ExtensibilityGlobals) = postSolution
		SolutionGuid = {8AA73074-5D8E-4843-93D4-C3C541685F15}
	EndGlobalSection
EndGlobal
